
Microsoft Visual Studio Solution File, Format Version 12.00
# Visual Studio Version 16
VisualStudioVersion = 16.0.32106.194
MinimumVisualStudioVersion = 10.0.40219.1
Project("{FAE04EC0-301F-11D3-BF4B-00C04F79EFBC}") = "GitGroup", "GitGroup\GitGroup.csproj", "{832DAFC0-6D3F-43D5-AE9F-16E1454438F0}"
EndProject
Global
	GlobalSection(SolutionConfigurationPlatforms) = preSolution
		Debug|Any CPU = Debug|Any CPU
		Release|Any CPU = Release|Any CPU
	EndGlobalSection
	GlobalSection(ProjectConfigurationPlatforms) = postSolution
		{832DAFC0-6D3F-43D5-AE9F-16E1454438F0}.Debug|Any CPU.ActiveCfg = Debug|Any CPU
		{832DAFC0-6D3F-43D5-AE9F-16E1454438F0}.Debug|Any CPU.Build.0 = Debug|Any CPU
		{832DAFC0-6D3F-43D5-AE9F-16E1454438F0}.Release|Any CPU.ActiveCfg = Release|Any CPU
		{832DAFC0-6D3F-43D5-AE9F-16E1454438F0}.Release|Any CPU.Build.0 = Release|Any CPU
	EndGlobalSection
	GlobalSection(SolutionProperties) = preSolution
		HideSolutionNode = FALSE
	EndGlobalSection
	GlobalSection(ExtensibilityGlobals) = postSolution
		SolutionGuid = {8BEAFBB1-E15F-4C2E-BD58-E028578111BB}
	EndGlobalSection
EndGlobal
